
Microsoft Visual Studio Solution File, Format Version 12.00
# Visual Studio Version 17
VisualStudioVersion = 17.14.36518.9 d17.14
MinimumVisualStudioVersion = 10.0.40219.1
Project("{FAE04EC0-301F-11D3-BF4B-00C04F79EFBC}") = "AiResumeAnalyser", "AiResumeAnalyser\AiResumeAnalyser.csproj", "{C1218F25-D828-4B40-A5A5-616A48F038AB}"
EndProject
Global
	GlobalSection(SolutionConfigurationPlatforms) = preSolution
		Debug|Any CPU = Debug|Any CPU
		Release|Any CPU = Release|Any CPU
	EndGlobalSection
	GlobalSection(ProjectConfigurationPlatforms) = postSolution
		{C1218F25-D828-4B40-A5A5-616A48F038AB}.Debug|Any CPU.ActiveCfg = Debug|Any CPU
		{C1218F25-D828-4B40-A5A5-616A48F038AB}.Debug|Any CPU.Build.0 = Debug|Any CPU
		{C1218F25-D828-4B40-A5A5-616A48F038AB}.Release|Any CPU.ActiveCfg = Release|Any CPU
		{C1218F25-D828-4B40-A5A5-616A48F038AB}.Release|Any CPU.Build.0 = Release|Any CPU
	EndGlobalSection
	GlobalSection(SolutionProperties) = preSolution
		HideSolutionNode = FALSE
	EndGlobalSection
	GlobalSection(ExtensibilityGlobals) = postSolution
		SolutionGuid = {0604B4D2-0EB0-40DA-8122-D1137CAB84D6}
	EndGlobalSection
EndGlobal
